
Microsoft Visual Studio Solution File, Format Version 12.00
# Visual Studio Version 17
VisualStudioVersion = 17.7.34031.279
MinimumVisualStudioVersion = 10.0.40219.1
Project("{FAE04EC0-301F-11D3-BF4B-00C04F79EFBC}") = "SalesApp", "SalesApp\SalesApp.csproj", "{66ED2F7E-7939-4D57-A67D-72A1150D597A}"
EndProject
Global
	GlobalSection(SolutionConfigurationPlatforms) = preSolution
		Debug|Any CPU = Debug|Any CPU
		Release|Any CPU = Release|Any CPU
	EndGlobalSection
	GlobalSection(ProjectConfigurationPlatforms) = postSolution
		{66ED2F7E-7939-4D57-A67D-72A1150D597A}.Debug|Any CPU.ActiveCfg = Debug|Any CPU
		{66ED2F7E-7939-4D57-A67D-72A1150D597A}.Debug|Any CPU.Build.0 = Debug|Any CPU
		{66ED2F7E-7939-4D57-A67D-72A1150D597A}.Release|Any CPU.ActiveCfg = Release|Any CPU
		{66ED2F7E-7939-4D57-A67D-72A1150D597A}.Release|Any CPU.Build.0 = Release|Any CPU
	EndGlobalSection
	GlobalSection(SolutionProperties) = preSolution
		HideSolutionNode = FALSE
	EndGlobalSection
	GlobalSection(ExtensibilityGlobals) = postSolution
		SolutionGuid = {8B1192D1-C6A2-4B7B-AFAA-C0E99DE67E8C}
	EndGlobalSection
EndGlobal
